
Microsoft Visual Studio Solution File, Format Version 12.00
# Visual Studio Version 16
VisualStudioVersion = 16.0.31829.152
MinimumVisualStudioVersion = 10.0.40219.1
Project("{2150E333-8FDC-42A3-9474-1A3956D46DE8}") = "src", "src", "{AF49F967-03DF-4EE6-A595-CB4A79291919}"
EndProject
Project("{2150E333-8FDC-42A3-9474-1A3956D46DE8}") = "Services", "Services", "{9C82C031-1B62-4625-988F-F6DA197C9F88}"
EndProject
Project("{2150E333-8FDC-42A3-9474-1A3956D46DE8}") = "WebApp", "WebApp", "{6BD7BCC3-CFE3-4380-AC31-03A9A7411EB1}"
EndProject
Project("{2150E333-8FDC-42A3-9474-1A3956D46DE8}") = "PizzaSoft", "PizzaSoft", "{BCDAE35A-27A6-451D-8DF3-BFFF962BE887}"
EndProject
Project("{2150E333-8FDC-42A3-9474-1A3956D46DE8}") = "tests", "tests", "{A11FE02F-50B5-4090-81EA-DD72384FBE37}"
EndProject
Project("{FAE04EC0-301F-11D3-BF4B-00C04F79EFBC}") = "PizzaSoft.Api", "PizzaSoft.Api\PizzaSoft.Api.csproj", "{B125E568-5FAE-4866-AF0D-3A84F99D3D0A}"
EndProject
Project("{FAE04EC0-301F-11D3-BF4B-00C04F79EFBC}") = "PizzaSoft.Api.Contracts", "PizzaSoft.Api.Contracts\PizzaSoft.Api.Contracts.csproj", "{49539EF0-B641-4716-A521-E70754F27326}"
EndProject
Project("{FAE04EC0-301F-11D3-BF4B-00C04F79EFBC}") = "PizzaSoft.Application", "PizzaSoft.Application\PizzaSoft.Application.csproj", "{D7F4E430-8AE1-4ABF-B414-B413C9A2AE5F}"
EndProject
Project("{FAE04EC0-301F-11D3-BF4B-00C04F79EFBC}") = "PizzaSoft.Domain", "PizzaSoft.Domain\PizzaSoft.Domain.csproj", "{FE8AF22E-5707-4461-A840-3C32D0CF5CEA}"
EndProject
Project("{FAE04EC0-301F-11D3-BF4B-00C04F79EFBC}") = "PizzaSoft.Infrastructure", "PizzaSoft.Infrastructure\PizzaSoft.Infrastructure.csproj", "{B96FD475-51A7-4634-819F-214CA4603039}"
EndProject
Global
	GlobalSection(SolutionConfigurationPlatforms) = preSolution
		Debug|Any CPU = Debug|Any CPU
		Release|Any CPU = Release|Any CPU
	EndGlobalSection
	GlobalSection(ProjectConfigurationPlatforms) = postSolution
		{B125E568-5FAE-4866-AF0D-3A84F99D3D0A}.Debug|Any CPU.ActiveCfg = Debug|Any CPU
		{B125E568-5FAE-4866-AF0D-3A84F99D3D0A}.Debug|Any CPU.Build.0 = Debug|Any CPU
		{B125E568-5FAE-4866-AF0D-3A84F99D3D0A}.Release|Any CPU.ActiveCfg = Release|Any CPU
		{B125E568-5FAE-4866-AF0D-3A84F99D3D0A}.Release|Any CPU.Build.0 = Release|Any CPU
		{49539EF0-B641-4716-A521-E70754F27326}.Debug|Any CPU.ActiveCfg = Debug|Any CPU
		{49539EF0-B641-4716-A521-E70754F27326}.Debug|Any CPU.Build.0 = Debug|Any CPU
		{49539EF0-B641-4716-A521-E70754F27326}.Release|Any CPU.ActiveCfg = Release|Any CPU
		{49539EF0-B641-4716-A521-E70754F27326}.Release|Any CPU.Build.0 = Release|Any CPU
		{D7F4E430-8AE1-4ABF-B414-B413C9A2AE5F}.Debug|Any CPU.ActiveCfg = Debug|Any CPU
		{D7F4E430-8AE1-4ABF-B414-B413C9A2AE5F}.Debug|Any CPU.Build.0 = Debug|Any CPU
		{D7F4E430-8AE1-4ABF-B414-B413C9A2AE5F}.Release|Any CPU.ActiveCfg = Release|Any CPU
		{D7F4E430-8AE1-4ABF-B414-B413C9A2AE5F}.Release|Any CPU.Build.0 = Release|Any CPU
		{FE8AF22E-5707-4461-A840-3C32D0CF5CEA}.Debug|Any CPU.ActiveCfg = Debug|Any CPU
		{FE8AF22E-5707-4461-A840-3C32D0CF5CEA}.Debug|Any CPU.Build.0 = Debug|Any CPU
		{FE8AF22E-5707-4461-A840-3C32D0CF5CEA}.Release|Any CPU.ActiveCfg = Release|Any CPU
		{FE8AF22E-5707-4461-A840-3C32D0CF5CEA}.Release|Any CPU.Build.0 = Release|Any CPU
		{B96FD475-51A7-4634-819F-214CA4603039}.Debug|Any CPU.ActiveCfg = Debug|Any CPU
		{B96FD475-51A7-4634-819F-214CA4603039}.Debug|Any CPU.Build.0 = Debug|Any CPU
		{B96FD475-51A7-4634-819F-214CA4603039}.Release|Any CPU.ActiveCfg = Release|Any CPU
		{B96FD475-51A7-4634-819F-214CA4603039}.Release|Any CPU.Build.0 = Release|Any CPU
	EndGlobalSection
	GlobalSection(SolutionProperties) = preSolution
		HideSolutionNode = FALSE
	EndGlobalSection
	GlobalSection(NestedProjects) = preSolution
		{9C82C031-1B62-4625-988F-F6DA197C9F88} = {AF49F967-03DF-4EE6-A595-CB4A79291919}
		{6BD7BCC3-CFE3-4380-AC31-03A9A7411EB1} = {AF49F967-03DF-4EE6-A595-CB4A79291919}
		{BCDAE35A-27A6-451D-8DF3-BFFF962BE887} = {9C82C031-1B62-4625-988F-F6DA197C9F88}
		{A11FE02F-50B5-4090-81EA-DD72384FBE37} = {BCDAE35A-27A6-451D-8DF3-BFFF962BE887}
		{B125E568-5FAE-4866-AF0D-3A84F99D3D0A} = {BCDAE35A-27A6-451D-8DF3-BFFF962BE887}
		{49539EF0-B641-4716-A521-E70754F27326} = {BCDAE35A-27A6-451D-8DF3-BFFF962BE887}
		{D7F4E430-8AE1-4ABF-B414-B413C9A2AE5F} = {BCDAE35A-27A6-451D-8DF3-BFFF962BE887}
		{FE8AF22E-5707-4461-A840-3C32D0CF5CEA} = {BCDAE35A-27A6-451D-8DF3-BFFF962BE887}
		{B96FD475-51A7-4634-819F-214CA4603039} = {BCDAE35A-27A6-451D-8DF3-BFFF962BE887}
	EndGlobalSection
	GlobalSection(ExtensibilityGlobals) = postSolution
		SolutionGuid = {A3C8FEEF-CC32-4F6F-AF20-F76C1982DEB0}
	EndGlobalSection
EndGlobal
